
Microsoft Visual Studio Solution File, Format Version 12.00
# Visual Studio 15
VisualStudioVersion = 15.0.26730.16
MinimumVisualStudioVersion = 10.0.40219.1
Project("{FAE04EC0-301F-11D3-BF4B-00C04F79EFBC}") = "TelefonskiImenik", "TelefonskiImenik\TelefonskiImenik.csproj", "{F6468717-DF44-4A1B-9D5D-3FBCF2920C83}"
EndProject
Global
	GlobalSection(SolutionConfigurationPlatforms) = preSolution
		Debug|Any CPU = Debug|Any CPU
		Release|Any CPU = Release|Any CPU
	EndGlobalSection
	GlobalSection(ProjectConfigurationPlatforms) = postSolution
		{F6468717-DF44-4A1B-9D5D-3FBCF2920C83}.Debug|Any CPU.ActiveCfg = Debug|Any CPU
		{F6468717-DF44-4A1B-9D5D-3FBCF2920C83}.Debug|Any CPU.Build.0 = Debug|Any CPU
		{F6468717-DF44-4A1B-9D5D-3FBCF2920C83}.Release|Any CPU.ActiveCfg = Release|Any CPU
		{F6468717-DF44-4A1B-9D5D-3FBCF2920C83}.Release|Any CPU.Build.0 = Release|Any CPU
	EndGlobalSection
	GlobalSection(SolutionProperties) = preSolution
		HideSolutionNode = FALSE
	EndGlobalSection
	GlobalSection(ExtensibilityGlobals) = postSolution
		SolutionGuid = {C90D2E93-2FB5-414B-BDCF-F030F63441A4}
	EndGlobalSection
EndGlobal
